// !$*UTF8*$!
{
	archiveVersion = 1;
	classes = {
	};
	objectVersion = 46;
	objects = {

/* Begin PBXBuildFile section */
		3E404B221D1BC0D60048C7AA /* AppDelegate.swift in Sources */ = {isa = PBXBuildFile; fileRef = 3E404B211D1BC0D60048C7AA /* AppDelegate.swift */; };
		3E404B271D1BC0D60048C7AA /* Main.storyboard in Resources */ = {isa = PBXBuildFile; fileRef = 3E404B251D1BC0D60048C7AA /* Main.storyboard */; };
		3E404B291D1BC0D60048C7AA /* Assets.xcassets in Resources */ = {isa = PBXBuildFile; fileRef = 3E404B281D1BC0D60048C7AA /* Assets.xcassets */; };
		3E404B2C1D1BC0D60048C7AA /* LaunchScreen.storyboard in Resources */ = {isa = PBXBuildFile; fileRef = 3E404B2A1D1BC0D60048C7AA /* LaunchScreen.storyboard */; };
		3E404B371D1BC0D60048C7AA /* UberForBooksTests.swift in Sources */ = {isa = PBXBuildFile; fileRef = 3E404B361D1BC0D60048C7AA /* UberForBooksTests.swift */; };
		3EFA33DB1D22514C00EB488F /* LoginViewController.swift in Sources */ = {isa = PBXBuildFile; fileRef = 3EFA33DA1D22514C00EB488F /* LoginViewController.swift */; };
		3EFA33DD1D22524600EB488F /* Constants.swift in Sources */ = {isa = PBXBuildFile; fileRef = 3EFA33DC1D22524600EB488F /* Constants.swift */; };
		3EFA33E11D22A8C000EB488F /* SignUpViewController.swift in Sources */ = {isa = PBXBuildFile; fileRef = 3EFA33E01D22A8C000EB488F /* SignUpViewController.swift */; };
		6BB1DAAC5D37673AB3F76F06 /* Pods_UberForBooks.framework in Frameworks */ = {isa = PBXBuildFile; fileRef = D1A20EB445C2934B188B33E1 /* Pods_UberForBooks.framework */; };
/* End PBXBuildFile section */

/* Begin PBXContainerItemProxy section */
		3E404B331D1BC0D60048C7AA /* PBXContainerItemProxy */ = {
			isa = PBXContainerItemProxy;
			containerPortal = 3E404B161D1BC0D60048C7AA /* Project object */;
			proxyType = 1;
			remoteGlobalIDString = 3E404B1D1D1BC0D60048C7AA;
			remoteInfo = UberForBooks;
		};
/* End PBXContainerItemProxy section */

/* Begin PBXFileReference section */
		235E5B165E32E1E29178D779 /* Pods-UberForBooks.release.xcconfig */ = {isa = PBXFileReference; includeInIndex = 1; lastKnownFileType = text.xcconfig; name = "Pods-UberForBooks.release.xcconfig"; path = "Pods/Target Support Files/Pods-UberForBooks/Pods-UberForBooks.release.xcconfig"; sourceTree = "<group>"; };
		3E404B1E1D1BC0D60048C7AA /* UberForBooks.app */ = {isa = PBXFileReference; explicitFileType = wrapper.application; includeInIndex = 0; path = UberForBooks.app; sourceTree = BUILT_PRODUCTS_DIR; };
		3E404B211D1BC0D60048C7AA /* AppDelegate.swift */ = {isa = PBXFileReference; lastKnownFileType = sourcecode.swift; path = AppDelegate.swift; sourceTree = "<group>"; };
		3E404B261D1BC0D60048C7AA /* Base */ = {isa = PBXFileReference; lastKnownFileType = file.storyboard; name = Base; path = Base.lproj/Main.storyboard; sourceTree = "<group>"; };
		3E404B281D1BC0D60048C7AA /* Assets.xcassets */ = {isa = PBXFileReference; lastKnownFileType = folder.assetcatalog; path = Assets.xcassets; sourceTree = "<group>"; };
		3E404B2B1D1BC0D60048C7AA /* Base */ = {isa = PBXFileReference; lastKnownFileType = file.storyboard; name = Base; path = Base.lproj/LaunchScreen.storyboard; sourceTree = "<group>"; };
		3E404B2D1D1BC0D60048C7AA /* Info.plist */ = {isa = PBXFileReference; lastKnownFileType = text.plist.xml; path = Info.plist; sourceTree = "<group>"; };
		3E404B321D1BC0D60048C7AA /* UberForBooksTests.xctest */ = {isa = PBXFileReference; explicitFileType = wrapper.cfbundle; includeInIndex = 0; path = UberForBooksTests.xctest; sourceTree = BUILT_PRODUCTS_DIR; };
		3E404B361D1BC0D60048C7AA /* UberForBooksTests.swift */ = {isa = PBXFileReference; lastKnownFileType = sourcecode.swift; path = UberForBooksTests.swift; sourceTree = "<group>"; };
		3E404B381D1BC0D60048C7AA /* Info.plist */ = {isa = PBXFileReference; lastKnownFileType = text.plist.xml; path = Info.plist; sourceTree = "<group>"; };
		3EFA33DA1D22514C00EB488F /* LoginViewController.swift */ = {isa = PBXFileReference; fileEncoding = 4; lastKnownFileType = sourcecode.swift; path = LoginViewController.swift; sourceTree = "<group>"; };
		3EFA33DC1D22524600EB488F /* Constants.swift */ = {isa = PBXFileReference; fileEncoding = 4; lastKnownFileType = sourcecode.swift; path = Constants.swift; sourceTree = "<group>"; };
		3EFA33E01D22A8C000EB488F /* SignUpViewController.swift */ = {isa = PBXFileReference; fileEncoding = 4; lastKnownFileType = sourcecode.swift; path = SignUpViewController.swift; sourceTree = "<group>"; };
		4E696A5FE34F7F716E37E819 /* Pods-UberForBooks.debug.xcconfig */ = {isa = PBXFileReference; includeInIndex = 1; lastKnownFileType = text.xcconfig; name = "Pods-UberForBooks.debug.xcconfig"; path = "Pods/Target Support Files/Pods-UberForBooks/Pods-UberForBooks.debug.xcconfig"; sourceTree = "<group>"; };
		D1A20EB445C2934B188B33E1 /* Pods_UberForBooks.framework */ = {isa = PBXFileReference; explicitFileType = wrapper.framework; includeInIndex = 0; path = Pods_UberForBooks.framework; sourceTree = BUILT_PRODUCTS_DIR; };
/* End PBXFileReference section */

/* Begin PBXFrameworksBuildPhase section */
		3E404B1B1D1BC0D60048C7AA /* Frameworks */ = {
			isa = PBXFrameworksBuildPhase;
			buildActionMask = 2147483647;
			files = (
				6BB1DAAC5D37673AB3F76F06 /* Pods_UberForBooks.framework in Frameworks */,
			);
			runOnlyForDeploymentPostprocessing = 0;
		};
		3E404B2F1D1BC0D60048C7AA /* Frameworks */ = {
			isa = PBXFrameworksBuildPhase;
			buildActionMask = 2147483647;
			files = (
			);
			runOnlyForDeploymentPostprocessing = 0;
		};
/* End PBXFrameworksBuildPhase section */

/* Begin PBXGroup section */
		3E404B151D1BC0D60048C7AA = {
			isa = PBXGroup;
			children = (
				3E404B201D1BC0D60048C7AA /* UberForBooks */,
				3E404B351D1BC0D60048C7AA /* UberForBooksTests */,
				3E404B1F1D1BC0D60048C7AA /* Products */,
				86C68A52D96883E10393FCF7 /* Pods */,
				B0F98B43DCD91E753AE6A04E /* Frameworks */,
			);
			sourceTree = "<group>";
		};
		3E404B1F1D1BC0D60048C7AA /* Products */ = {
			isa = PBXGroup;
			children = (
				3E404B1E1D1BC0D60048C7AA /* UberForBooks.app */,
				3E404B321D1BC0D60048C7AA /* UberForBooksTests.xctest */,
			);
			name = Products;
			sourceTree = "<group>";
		};
		3E404B201D1BC0D60048C7AA /* UberForBooks */ = {
			isa = PBXGroup;
			children = (
				3E404B211D1BC0D60048C7AA /* AppDelegate.swift */,
				3E404B251D1BC0D60048C7AA /* Main.storyboard */,
				3EFA33DC1D22524600EB488F /* Constants.swift */,
				3EFA33DA1D22514C00EB488F /* LoginViewController.swift */,
				3EFA33E01D22A8C000EB488F /* SignUpViewController.swift */,
				3E404B281D1BC0D60048C7AA /* Assets.xcassets */,
				3E404B2A1D1BC0D60048C7AA /* LaunchScreen.storyboard */,
				3E404B2D1D1BC0D60048C7AA /* Info.plist */,
			);
			path = UberForBooks;
			sourceTree = "<group>";
		};
		3E404B351D1BC0D60048C7AA /* UberForBooksTests */ = {
			isa = PBXGroup;
			children = (
				3E404B361D1BC0D60048C7AA /* UberForBooksTests.swift */,
				3E404B381D1BC0D60048C7AA /* Info.plist */,
			);
			path = UberForBooksTests;
			sourceTree = "<group>";
		};
		86C68A52D96883E10393FCF7 /* Pods */ = {
			isa = PBXGroup;
			children = (
				4E696A5FE34F7F716E37E819 /* Pods-UberForBooks.debug.xcconfig */,
				235E5B165E32E1E29178D779 /* Pods-UberForBooks.release.xcconfig */,
			);
			name = Pods;
			sourceTree = "<group>";
		};
		B0F98B43DCD91E753AE6A04E /* Frameworks */ = {
			isa = PBXGroup;
			children = (
				D1A20EB445C2934B188B33E1 /* Pods_UberForBooks.framework */,
			);
			name = Frameworks;
			sourceTree = "<group>";
		};
/* End PBXGroup section */

/* Begin PBXNativeTarget section */
		3E404B1D1D1BC0D60048C7AA /* UberForBooks */ = {
			isa = PBXNativeTarget;
			buildConfigurationList = 3E404B3B1D1BC0D60048C7AA /* Build configuration list for PBXNativeTarget "UberForBooks" */;
			buildPhases = (
				8E094D4DE00169B96ECC7683 /* [CP] Check Pods Manifest.lock */,
				3E404B1A1D1BC0D60048C7AA /* Sources */,
				3E404B1B1D1BC0D60048C7AA /* Frameworks */,
				3E404B1C1D1BC0D60048C7AA /* Resources */,
				C278B8ABE46724948F6D8E50 /* [CP] Embed Pods Frameworks */,
				E0B81CE6079996580591AAF0 /* [CP] Copy Pods Resources */,
			);
			buildRules = (
			);
			dependencies = (
			);
			name = UberForBooks;
			productName = UberForBooks;
			productReference = 3E404B1E1D1BC0D60048C7AA /* UberForBooks.app */;
			productType = "com.apple.product-type.application";
		};
		3E404B311D1BC0D60048C7AA /* UberForBooksTests */ = {
			isa = PBXNativeTarget;
			buildConfigurationList = 3E404B3E1D1BC0D60048C7AA /* Build configuration list for PBXNativeTarget "UberForBooksTests" */;
			buildPhases = (
				3E404B2E1D1BC0D60048C7AA /* Sources */,
				3E404B2F1D1BC0D60048C7AA /* Frameworks */,
				3E404B301D1BC0D60048C7AA /* Resources */,
			);
			buildRules = (
			);
			dependencies = (
				3E404B341D1BC0D60048C7AA /* PBXTargetDependency */,
			);
			name = UberForBooksTests;
			productName = UberForBooksTests;
			productReference = 3E404B321D1BC0D60048C7AA /* UberForBooksTests.xctest */;
			productType = "com.apple.product-type.bundle.unit-test";
		};
/* End PBXNativeTarget section */

/* Begin PBXProject section */
		3E404B161D1BC0D60048C7AA /* Project object */ = {
			isa = PBXProject;
			attributes = {
				LastSwiftUpdateCheck = 0730;
				LastUpgradeCheck = 0730;
				ORGANIZATIONNAME = Talentica;
				TargetAttributes = {
					3E404B1D1D1BC0D60048C7AA = {
						CreatedOnToolsVersion = 7.3.1;
					};
					3E404B311D1BC0D60048C7AA = {
						CreatedOnToolsVersion = 7.3.1;
						TestTargetID = 3E404B1D1D1BC0D60048C7AA;
					};
				};
			};
			buildConfigurationList = 3E404B191D1BC0D60048C7AA /* Build configuration list for PBXProject "UberForBooks" */;
			compatibilityVersion = "Xcode 3.2";
			developmentRegion = English;
			hasScannedForEncodings = 0;
			knownRegions = (
				en,
				Base,
			);
			mainGroup = 3E404B151D1BC0D60048C7AA;
			productRefGroup = 3E404B1F1D1BC0D60048C7AA /* Products */;
			projectDirPath = "";
			projectRoot = "";
			targets = (
				3E404B1D1D1BC0D60048C7AA /* UberForBooks */,
				3E404B311D1BC0D60048C7AA /* UberForBooksTests */,
			);
		};
/* End PBXProject section */

/* Begin PBXResourcesBuildPhase section */
		3E404B1C1D1BC0D60048C7AA /* Resources */ = {
			isa = PBXResourcesBuildPhase;
			buildActionMask = 2147483647;
			files = (
				3E404B2C1D1BC0D60048C7AA /* LaunchScreen.storyboard in Resources */,
				3E404B291D1BC0D60048C7AA /* Assets.xcassets in Resources */,
				3E404B271D1BC0D60048C7AA /* Main.storyboard in Resources */,
			);
			runOnlyForDeploymentPostprocessing = 0;
		};
		3E404B301D1BC0D60048C7AA /* Resources */ = {
			isa = PBXResourcesBuildPhase;
			buildActionMask = 2147483647;
			files = (
			);
			runOnlyForDeploymentPostprocessing = 0;
		};
/* End PBXResourcesBuildPhase section */

/* Begin PBXShellScriptBuildPhase section */
		8E094D4DE00169B96ECC7683 /* [CP] Check Pods Manifest.lock */ = {
			isa = PBXShellScriptBuildPhase;
			buildActionMask = 2147483647;
			files = (
			);
			inputPaths = (
			);
			name = "[CP] Check Pods Manifest.lock";
			outputPaths = (
			);
			runOnlyForDeploymentPostprocessing = 0;
			shellPath = /bin/sh;
			shellScript = "diff \"${PODS_ROOT}/../Podfile.lock\" \"${PODS_ROOT}/Manifest.lock\" > /dev/null\nif [[ $? != 0 ]] ; then\n    cat << EOM\nerror: The sandbox is not in sync with the Podfile.lock. Run 'pod install' or update your CocoaPods installation.\nEOM\n    exit 1\nfi\n";
			showEnvVarsInLog = 0;
		};
		C278B8ABE46724948F6D8E50 /* [CP] Embed Pods Frameworks */ = {
			isa = PBXShellScriptBuildPhase;
			buildActionMask = 2147483647;
			files = (
			);
			inputPaths = (
			);
			name = "[CP] Embed Pods Frameworks";
			outputPaths = (
			);
			runOnlyForDeploymentPostprocessing = 0;
			shellPath = /bin/sh;
			shellScript = "\"${SRCROOT}/Pods/Target Support Files/Pods-UberForBooks/Pods-UberForBooks-frameworks.sh\"\n";
			showEnvVarsInLog = 0;
		};
		E0B81CE6079996580591AAF0 /* [CP] Copy Pods Resources */ = {
			isa = PBXShellScriptBuildPhase;
			buildActionMask = 2147483647;
			files = (
			);
			inputPaths = (
			);
			name = "[CP] Copy Pods Resources";
			outputPaths = (
			);
			runOnlyForDeploymentPostprocessing = 0;
			shellPath = /bin/sh;
			shellScript = "\"${SRCROOT}/Pods/Target Support Files/Pods-UberForBooks/Pods-UberForBooks-resources.sh\"\n";
			showEnvVarsInLog = 0;
		};
/* End PBXShellScriptBuildPhase section */

/* Begin PBXSourcesBuildPhase section */
		3E404B1A1D1BC0D60048C7AA /* Sources */ = {
			isa = PBXSourcesBuildPhase;
			buildActionMask = 2147483647;
			files = (
				3EFA33DB1D22514C00EB488F /* LoginViewController.swift in Sources */,
				3E404B221D1BC0D60048C7AA /* AppDelegate.swift in Sources */,
				3EFA33E11D22A8C000EB488F /* SignUpViewController.swift in Sources */,
				3EFA33DD1D22524600EB488F /* Constants.swift in Sources */,
			);
			runOnlyForDeploymentPostprocessing = 0;
		};
		3E404B2E1D1BC0D60048C7AA /* Sources */ = {
			isa = PBXSourcesBuildPhase;
			buildActionMask = 2147483647;
			files = (
				3E404B371D1BC0D60048C7AA /* UberForBooksTests.swift in Sources */,
			);
			runOnlyForDeploymentPostprocessing = 0;
		};
/* End PBXSourcesBuildPhase section */

/* Begin PBXTargetDependency section */
		3E404B341D1BC0D60048C7AA /* PBXTargetDependency */ = {
			isa = PBXTargetDependency;
			target = 3E404B1D1D1BC0D60048C7AA /* UberForBooks */;
			targetProxy = 3E404B331D1BC0D60048C7AA /* PBXContainerItemProxy */;
		};
/* End PBXTargetDependency section */

/* Begin PBXVariantGroup section */
		3E404B251D1BC0D60048C7AA /* Main.storyboard */ = {
			isa = PBXVariantGroup;
			children = (
				3E404B261D1BC0D60048C7AA /* Base */,
			);
			name = Main.storyboard;
			sourceTree = "<group>";
		};
		3E404B2A1D1BC0D60048C7AA /* LaunchScreen.storyboard */ = {
			isa = PBXVariantGroup;
			children = (
				3E404B2B1D1BC0D60048C7AA /* Base */,
			);
			name = LaunchScreen.storyboard;
			sourceTree = "<group>";
		};
/* End PBXVariantGroup section */

/* Begin XCBuildConfiguration section */
		3E404B391D1BC0D60048C7AA /* Debug */ = {
			isa = XCBuildConfiguration;
			buildSettings = {
				ALWAYS_SEARCH_USER_PATHS = NO;
				CLANG_ANALYZER_NONNULL = YES;
				CLANG_CXX_LANGUAGE_STANDARD = "gnu++0x";
				CLANG_CXX_LIBRARY = "libc++";
				CLANG_ENABLE_MODULES = YES;
				CLANG_ENABLE_OBJC_ARC = YES;
				CLANG_WARN_BOOL_CONVERSION = YES;
				CLANG_WARN_CONSTANT_CONVERSION = YES;
				CLANG_WARN_DIRECT_OBJC_ISA_USAGE = YES_ERROR;
				CLANG_WARN_EMPTY_BODY = YES;
				CLANG_WARN_ENUM_CONVERSION = YES;
				CLANG_WARN_INT_CONVERSION = YES;
				CLANG_WARN_OBJC_ROOT_CLASS = YES_ERROR;
				CLANG_WARN_UNREACHABLE_CODE = YES;
				CLANG_WARN__DUPLICATE_METHOD_MATCH = YES;
				"CODE_SIGN_IDENTITY[sdk=iphoneos*]" = "iPhone Developer";
				COPY_PHASE_STRIP = NO;
				DEBUG_INFORMATION_FORMAT = dwarf;
				ENABLE_STRICT_OBJC_MSGSEND = YES;
				ENABLE_TESTABILITY = YES;
				GCC_C_LANGUAGE_STANDARD = gnu99;
				GCC_DYNAMIC_NO_PIC = NO;
				GCC_NO_COMMON_BLOCKS = YES;
				GCC_OPTIMIZATION_LEVEL = 0;
				GCC_PREPROCESSOR_DEFINITIONS = (
					"DEBUG=1",
					"$(inherited)",
				);
				GCC_WARN_64_TO_32_BIT_CONVERSION = YES;
				GCC_WARN_ABOUT_RETURN_TYPE = YES_ERROR;
				GCC_WARN_UNDECLARED_SELECTOR = YES;
				GCC_WARN_UNINITIALIZED_AUTOS = YES_AGGRESSIVE;
				GCC_WARN_UNUSED_FUNCTION = YES;
				GCC_WARN_UNUSED_VARIABLE = YES;
				IPHONEOS_DEPLOYMENT_TARGET = 9.3;
				MTL_ENABLE_DEBUG_INFO = YES;
				ONLY_ACTIVE_ARCH = YES;
				SDKROOT = iphoneos;
				SWIFT_OPTIMIZATION_LEVEL = "-Onone";
				TARGETED_DEVICE_FAMILY = "1,2";
			};
			name = Debug;
		};
		3E404B3A1D1BC0D60048C7AA /* Release */ = {
			isa = XCBuildConfiguration;
			buildSettings = {
				ALWAYS_SEARCH_USER_PATHS = NO;
				CLANG_ANALYZER_NONNULL = YES;
				CLANG_CXX_LANGUAGE_STANDARD = "gnu++0x";
				CLANG_CXX_LIBRARY = "libc++";
				CLANG_ENABLE_MODULES = YES;
				CLANG_ENABLE_OBJC_ARC = YES;
				CLANG_WARN_BOOL_CONVERSION = YES;
				CLANG_WARN_CONSTANT_CONVERSION = YES;
				CLANG_WARN_DIRECT_OBJC_ISA_USAGE = YES_ERROR;
				CLANG_WARN_EMPTY_BODY = YES;
				CLANG_WARN_ENUM_CONVERSION = YES;
				CLANG_WARN_INT_CONVERSION = YES;
				CLANG_WARN_OBJC_ROOT_CLASS = YES_ERROR;
				CLANG_WARN_UNREACHABLE_CODE = YES;
				CLANG_WARN__DUPLICATE_METHOD_MATCH = YES;
				"CODE_SIGN_IDENTITY[sdk=iphoneos*]" = "iPhone Developer";
				COPY_PHASE_STRIP = NO;
				DEBUG_INFORMATION_FORMAT = "dwarf-with-dsym";
				ENABLE_NS_ASSERTIONS = NO;
				ENABLE_STRICT_OBJC_MSGSEND = YES;
				GCC_C_LANGUAGE_STANDARD = gnu99;
				GCC_NO_COMMON_BLOCKS = YES;
				GCC_WARN_64_TO_32_BIT_CONVERSION = YES;
				GCC_WARN_ABOUT_RETURN_TYPE = YES_ERROR;
				GCC_WARN_UNDECLARED_SELECTOR = YES;
				GCC_WARN_UNINITIALIZED_AUTOS = YES_AGGRESSIVE;
				GCC_WARN_UNUSED_FUNCTION = YES;
				GCC_WARN_UNUSED_VARIABLE = YES;
				IPHONEOS_DEPLOYMENT_TARGET = 9.3;
				MTL_ENABLE_DEBUG_INFO = NO;
				SDKROOT = iphoneos;
				TARGETED_DEVICE_FAMILY = "1,2";
				VALIDATE_PRODUCT = YES;
			};
			name = Release;
		};
		3E404B3C1D1BC0D60048C7AA /* Debug */ = {
			isa = XCBuildConfiguration;
			baseConfigurationReference = 4E696A5FE34F7F716E37E819 /* Pods-UberForBooks.debug.xcconfig */;
			buildSettings = {
				ASSETCATALOG_COMPILER_APPICON_NAME = AppIcon;
				INFOPLIST_FILE = UberForBooks/Info.plist;
				LD_RUNPATH_SEARCH_PATHS = "$(inherited) @executable_path/Frameworks";
				PRODUCT_BUNDLE_IDENTIFIER = com.talentica.UberForBooks;
				PRODUCT_NAME = "$(TARGET_NAME)";
			};
			name = Debug;
		};
		3E404B3D1D1BC0D60048C7AA /* Release */ = {
			isa = XCBuildConfiguration;
			baseConfigurationReference = 235E5B165E32E1E29178D779 /* Pods-UberForBooks.release.xcconfig */;
			buildSettings = {
				ASSETCATALOG_COMPILER_APPICON_NAME = AppIcon;
				INFOPLIST_FILE = UberForBooks/Info.plist;
				LD_RUNPATH_SEARCH_PATHS = "$(inherited) @executable_path/Frameworks";
				PRODUCT_BUNDLE_IDENTIFIER = com.talentica.UberForBooks;
				PRODUCT_NAME = "$(TARGET_NAME)";
			};
			name = Release;
		};
		3E404B3F1D1BC0D60048C7AA /* Debug */ = {
			isa = XCBuildConfiguration;
			buildSettings = {
				BUNDLE_LOADER = "$(TEST_HOST)";
				INFOPLIST_FILE = UberForBooksTests/Info.plist;
				LD_RUNPATH_SEARCH_PATHS = "$(inherited) @executable_path/Frameworks @loader_path/Frameworks";
				PRODUCT_BUNDLE_IDENTIFIER = com.talentica.UberForBooksTests;
				PRODUCT_NAME = "$(TARGET_NAME)";
				TEST_HOST = "$(BUILT_PRODUCTS_DIR)/UberForBooks.app/UberForBooks";
			};
			name = Debug;
		};
		3E404B401D1BC0D60048C7AA /* Release */ = {
			isa = XCBuildConfiguration;
			buildSettings = {
				BUNDLE_LOADER = "$(TEST_HOST)";
				INFOPLIST_FILE = UberForBooksTests/Info.plist;
				LD_RUNPATH_SEARCH_PATHS = "$(inherited) @executable_path/Frameworks @loader_path/Frameworks";
				PRODUCT_BUNDLE_IDENTIFIER = com.talentica.UberForBooksTests;
				PRODUCT_NAME = "$(TARGET_NAME)";
				TEST_HOST = "$(BUILT_PRODUCTS_DIR)/UberForBooks.app/UberForBooks";
			};
			name = Release;
		};
/* End XCBuildConfiguration section */

/* Begin XCConfigurationList section */
		3E404B191D1BC0D60048C7AA /* Build configuration list for PBXProject "UberForBooks" */ = {
			isa = XCConfigurationList;
			buildConfigurations = (
				3E404B391D1BC0D60048C7AA /* Debug */,
				3E404B3A1D1BC0D60048C7AA /* Release */,
			);
			defaultConfigurationIsVisible = 0;
			defaultConfigurationName = Release;
		};
		3E404B3B1D1BC0D60048C7AA /* Build configuration list for PBXNativeTarget "UberForBooks" */ = {
			isa = XCConfigurationList;
			buildConfigurations = (
				3E404B3C1D1BC0D60048C7AA /* Debug */,
				3E404B3D1D1BC0D60048C7AA /* Release */,
			);
			defaultConfigurationIsVisible = 0;
			defaultConfigurationName = Release;
		};
		3E404B3E1D1BC0D60048C7AA /* Build configuration list for PBXNativeTarget "UberForBooksTests" */ = {
			isa = XCConfigurationList;
			buildConfigurations = (
				3E404B3F1D1BC0D60048C7AA /* Debug */,
				3E404B401D1BC0D60048C7AA /* Release */,
			);
			defaultConfigurationIsVisible = 0;
			defaultConfigurationName = Release;
		};
/* End XCConfigurationList section */
	};
	rootObject = 3E404B161D1BC0D60048C7AA /* Project object */;
}
